
Microsoft Visual Studio Solution File, Format Version 12.00
# Visual Studio Version 17
VisualStudioVersion = 17.3.32929.385
MinimumVisualStudioVersion = 10.0.40219.1
Project("{FAE04EC0-301F-11D3-BF4B-00C04F79EFBC}") = "LocalStorageWithEncryption", "LocalStorageWithEncryption\LocalStorageWithEncryption.csproj", "{5DC4D573-752A-474E-8D24-82479F348912}"
EndProject
Global
	GlobalSection(SolutionConfigurationPlatforms) = preSolution
		Debug|Any CPU = Debug|Any CPU
		Release|Any CPU = Release|Any CPU
	EndGlobalSection
	GlobalSection(ProjectConfigurationPlatforms) = postSolution
		{5DC4D573-752A-474E-8D24-82479F348912}.Debug|Any CPU.ActiveCfg = Debug|Any CPU
		{5DC4D573-752A-474E-8D24-82479F348912}.Debug|Any CPU.Build.0 = Debug|Any CPU
		{5DC4D573-752A-474E-8D24-82479F348912}.Release|Any CPU.ActiveCfg = Release|Any CPU
		{5DC4D573-752A-474E-8D24-82479F348912}.Release|Any CPU.Build.0 = Release|Any CPU
	EndGlobalSection
	GlobalSection(SolutionProperties) = preSolution
		HideSolutionNode = FALSE
	EndGlobalSection
	GlobalSection(ExtensibilityGlobals) = postSolution
		SolutionGuid = {B8A97021-010F-475C-96CF-0AFC85ED45C8}
	EndGlobalSection
EndGlobal
